
Microsoft Visual Studio Solution File, Format Version 12.00
# Visual Studio Version 16
VisualStudioVersion = 16.0.30128.74
MinimumVisualStudioVersion = 10.0.40219.1
Project("{FAE04EC0-301F-11D3-BF4B-00C04F79EFBC}") = "CursoDesignPatterns", "CursoDesignPatterns\CursoDesignPatterns.csproj", "{A83CF693-FA6C-4FB1-A5AA-25AE93A87A67}"
EndProject
Global
	GlobalSection(SolutionConfigurationPlatforms) = preSolution
		Debug|Any CPU = Debug|Any CPU
		Release|Any CPU = Release|Any CPU
	EndGlobalSection
	GlobalSection(ProjectConfigurationPlatforms) = postSolution
		{A83CF693-FA6C-4FB1-A5AA-25AE93A87A67}.Debug|Any CPU.ActiveCfg = Debug|Any CPU
		{A83CF693-FA6C-4FB1-A5AA-25AE93A87A67}.Debug|Any CPU.Build.0 = Debug|Any CPU
		{A83CF693-FA6C-4FB1-A5AA-25AE93A87A67}.Release|Any CPU.ActiveCfg = Release|Any CPU
		{A83CF693-FA6C-4FB1-A5AA-25AE93A87A67}.Release|Any CPU.Build.0 = Release|Any CPU
	EndGlobalSection
	GlobalSection(SolutionProperties) = preSolution
		HideSolutionNode = FALSE
	EndGlobalSection
	GlobalSection(ExtensibilityGlobals) = postSolution
		SolutionGuid = {FD15E213-1FB9-454D-AA06-054A1E4FCFC8}
	EndGlobalSection
EndGlobal
